// !$*UTF8*$!
{
	archiveVersion = 1;
	classes = {
	};
	objectVersion = 46;
	objects = {

/* Begin PBXBuildFile section */
		790886109B11477A791BFD24 /* Pods_StudyGames.framework in Frameworks */ = {isa = PBXBuildFile; fileRef = 280C123A0050C8DE40BEC1A0 /* Pods_StudyGames.framework */; };
		A53A393F204F0F9E0089738C /* AppDelegate.swift in Sources */ = {isa = PBXBuildFile; fileRef = A53A393E204F0F9E0089738C /* AppDelegate.swift */; };
		A53A3946204F0F9E0089738C /* Main.storyboard in Resources */ = {isa = PBXBuildFile; fileRef = A53A3944204F0F9E0089738C /* Main.storyboard */; };
		A53A3948204F0F9E0089738C /* Assets.xcassets in Resources */ = {isa = PBXBuildFile; fileRef = A53A3947204F0F9E0089738C /* Assets.xcassets */; };
		A53A394B204F0F9E0089738C /* LaunchScreen.storyboard in Resources */ = {isa = PBXBuildFile; fileRef = A53A3949204F0F9E0089738C /* LaunchScreen.storyboard */; };
		A53A3956204F0F9F0089738C /* StudyGamesTests.swift in Sources */ = {isa = PBXBuildFile; fileRef = A53A3955204F0F9F0089738C /* StudyGamesTests.swift */; };
		A53A3961204F0F9F0089738C /* StudyGamesUITests.swift in Sources */ = {isa = PBXBuildFile; fileRef = A53A3960204F0F9F0089738C /* StudyGamesUITests.swift */; };
		A5F14BFE20863D8D0031DCDC /* GoogleService-Info.plist in Resources */ = {isa = PBXBuildFile; fileRef = A5F14BFD20863D8D0031DCDC /* GoogleService-Info.plist */; };
		A5F14C3C20866DD50031DCDC /* ViewController.swift in Sources */ = {isa = PBXBuildFile; fileRef = A5F14C3B20866DD50031DCDC /* ViewController.swift */; };
/* End PBXBuildFile section */

/* Begin PBXContainerItemProxy section */
		A53A3952204F0F9F0089738C /* PBXContainerItemProxy */ = {
			isa = PBXContainerItemProxy;
			containerPortal = A53A3933204F0F9E0089738C /* Project object */;
			proxyType = 1;
			remoteGlobalIDString = A53A393A204F0F9E0089738C;
			remoteInfo = StudyGames;
		};
		A53A395D204F0F9F0089738C /* PBXContainerItemProxy */ = {
			isa = PBXContainerItemProxy;
			containerPortal = A53A3933204F0F9E0089738C /* Project object */;
			proxyType = 1;
			remoteGlobalIDString = A53A393A204F0F9E0089738C;
			remoteInfo = StudyGames;
		};
/* End PBXContainerItemProxy section */

/* Begin PBXFileReference section */
		280C123A0050C8DE40BEC1A0 /* Pods_StudyGames.framework */ = {isa = PBXFileReference; explicitFileType = wrapper.framework; includeInIndex = 0; path = Pods_StudyGames.framework; sourceTree = BUILT_PRODUCTS_DIR; };
		4F06C2973C38C549093D415A /* Pods-StudyGames.debug.xcconfig */ = {isa = PBXFileReference; includeInIndex = 1; lastKnownFileType = text.xcconfig; name = "Pods-StudyGames.debug.xcconfig"; path = "Pods/Target Support Files/Pods-StudyGames/Pods-StudyGames.debug.xcconfig"; sourceTree = "<group>"; };
		7223DBE77E77B73B0DF0AD69 /* Pods-StudyGames.release.xcconfig */ = {isa = PBXFileReference; includeInIndex = 1; lastKnownFileType = text.xcconfig; name = "Pods-StudyGames.release.xcconfig"; path = "Pods/Target Support Files/Pods-StudyGames/Pods-StudyGames.release.xcconfig"; sourceTree = "<group>"; };
		A53A393B204F0F9E0089738C /* StudyGames.app */ = {isa = PBXFileReference; explicitFileType = wrapper.application; includeInIndex = 0; path = StudyGames.app; sourceTree = BUILT_PRODUCTS_DIR; };
		A53A393E204F0F9E0089738C /* AppDelegate.swift */ = {isa = PBXFileReference; lastKnownFileType = sourcecode.swift; path = AppDelegate.swift; sourceTree = "<group>"; };
		A53A3945204F0F9E0089738C /* Base */ = {isa = PBXFileReference; lastKnownFileType = file.storyboard; name = Base; path = Base.lproj/Main.storyboard; sourceTree = "<group>"; };
		A53A3947204F0F9E0089738C /* Assets.xcassets */ = {isa = PBXFileReference; lastKnownFileType = folder.assetcatalog; path = Assets.xcassets; sourceTree = "<group>"; };
		A53A394A204F0F9E0089738C /* Base */ = {isa = PBXFileReference; lastKnownFileType = file.storyboard; name = Base; path = Base.lproj/LaunchScreen.storyboard; sourceTree = "<group>"; };
		A53A394C204F0F9E0089738C /* Info.plist */ = {isa = PBXFileReference; lastKnownFileType = text.plist.xml; path = Info.plist; sourceTree = "<group>"; };
		A53A3951204F0F9F0089738C /* StudyGamesTests.xctest */ = {isa = PBXFileReference; explicitFileType = wrapper.cfbundle; includeInIndex = 0; path = StudyGamesTests.xctest; sourceTree = BUILT_PRODUCTS_DIR; };
		A53A3955204F0F9F0089738C /* StudyGamesTests.swift */ = {isa = PBXFileReference; lastKnownFileType = sourcecode.swift; path = StudyGamesTests.swift; sourceTree = "<group>"; };
		A53A3957204F0F9F0089738C /* Info.plist */ = {isa = PBXFileReference; lastKnownFileType = text.plist.xml; path = Info.plist; sourceTree = "<group>"; };
		A53A395C204F0F9F0089738C /* StudyGamesUITests.xctest */ = {isa = PBXFileReference; explicitFileType = wrapper.cfbundle; includeInIndex = 0; path = StudyGamesUITests.xctest; sourceTree = BUILT_PRODUCTS_DIR; };
		A53A3960204F0F9F0089738C /* StudyGamesUITests.swift */ = {isa = PBXFileReference; lastKnownFileType = sourcecode.swift; path = StudyGamesUITests.swift; sourceTree = "<group>"; };
		A53A3962204F0F9F0089738C /* Info.plist */ = {isa = PBXFileReference; lastKnownFileType = text.plist.xml; path = Info.plist; sourceTree = "<group>"; };
		A5F14BFD20863D8D0031DCDC /* GoogleService-Info.plist */ = {isa = PBXFileReference; fileEncoding = 4; lastKnownFileType = text.plist.xml; path = "GoogleService-Info.plist"; sourceTree = "<group>"; };
		A5F14C3B20866DD50031DCDC /* ViewController.swift */ = {isa = PBXFileReference; fileEncoding = 4; lastKnownFileType = sourcecode.swift; path = ViewController.swift; sourceTree = "<group>"; };
/* End PBXFileReference section */

/* Begin PBXFrameworksBuildPhase section */
		A53A3938204F0F9E0089738C /* Frameworks */ = {
			isa = PBXFrameworksBuildPhase;
			buildActionMask = 2147483647;
			files = (
				790886109B11477A791BFD24 /* Pods_StudyGames.framework in Frameworks */,
			);
			runOnlyForDeploymentPostprocessing = 0;
		};
		A53A394E204F0F9F0089738C /* Frameworks */ = {
			isa = PBXFrameworksBuildPhase;
			buildActionMask = 2147483647;
			files = (
			);
			runOnlyForDeploymentPostprocessing = 0;
		};
		A53A3959204F0F9F0089738C /* Frameworks */ = {
			isa = PBXFrameworksBuildPhase;
			buildActionMask = 2147483647;
			files = (
			);
			runOnlyForDeploymentPostprocessing = 0;
		};
/* End PBXFrameworksBuildPhase section */

/* Begin PBXGroup section */
		7B872BDC4F96B652D3206BBB /* Frameworks */ = {
			isa = PBXGroup;
			children = (
				280C123A0050C8DE40BEC1A0 /* Pods_StudyGames.framework */,
			);
			name = Frameworks;
			sourceTree = "<group>";
		};
		8D4FB0B41481514B94C108AB /* Pods */ = {
			isa = PBXGroup;
			children = (
				4F06C2973C38C549093D415A /* Pods-StudyGames.debug.xcconfig */,
				7223DBE77E77B73B0DF0AD69 /* Pods-StudyGames.release.xcconfig */,
			);
			name = Pods;
			sourceTree = "<group>";
		};
		A53A3932204F0F9E0089738C = {
			isa = PBXGroup;
			children = (
				A53A393D204F0F9E0089738C /* StudyGames */,
				A53A3954204F0F9F0089738C /* StudyGamesTests */,
				A53A395F204F0F9F0089738C /* StudyGamesUITests */,
				A53A393C204F0F9E0089738C /* Products */,
				8D4FB0B41481514B94C108AB /* Pods */,
				7B872BDC4F96B652D3206BBB /* Frameworks */,
			);
			sourceTree = "<group>";
		};
		A53A393C204F0F9E0089738C /* Products */ = {
			isa = PBXGroup;
			children = (
				A53A393B204F0F9E0089738C /* StudyGames.app */,
				A53A3951204F0F9F0089738C /* StudyGamesTests.xctest */,
				A53A395C204F0F9F0089738C /* StudyGamesUITests.xctest */,
			);
			name = Products;
			sourceTree = "<group>";
		};
		A53A393D204F0F9E0089738C /* StudyGames */ = {
			isa = PBXGroup;
			children = (
				A5F14BFD20863D8D0031DCDC /* GoogleService-Info.plist */,
				A53A393E204F0F9E0089738C /* AppDelegate.swift */,
				A53A3944204F0F9E0089738C /* Main.storyboard */,
				A5F14C3B20866DD50031DCDC /* ViewController.swift */,
				A53A3947204F0F9E0089738C /* Assets.xcassets */,
				A53A3949204F0F9E0089738C /* LaunchScreen.storyboard */,
				A53A394C204F0F9E0089738C /* Info.plist */,
			);
			path = StudyGames;
			sourceTree = "<group>";
		};
		A53A3954204F0F9F0089738C /* StudyGamesTests */ = {
			isa = PBXGroup;
			children = (
				A53A3955204F0F9F0089738C /* StudyGamesTests.swift */,
				A53A3957204F0F9F0089738C /* Info.plist */,
			);
			path = StudyGamesTests;
			sourceTree = "<group>";
		};
		A53A395F204F0F9F0089738C /* StudyGamesUITests */ = {
			isa = PBXGroup;
			children = (
				A53A3960204F0F9F0089738C /* StudyGamesUITests.swift */,
				A53A3962204F0F9F0089738C /* Info.plist */,
			);
			path = StudyGamesUITests;
			sourceTree = "<group>";
		};
/* End PBXGroup section */

/* Begin PBXNativeTarget section */
		A53A393A204F0F9E0089738C /* StudyGames */ = {
			isa = PBXNativeTarget;
			buildConfigurationList = A53A3965204F0F9F0089738C /* Build configuration list for PBXNativeTarget "StudyGames" */;
			buildPhases = (
				49ADE8C17CCC9BF999717270 /* [CP] Check Pods Manifest.lock */,
				A53A3937204F0F9E0089738C /* Sources */,
				A53A3938204F0F9E0089738C /* Frameworks */,
				A53A3939204F0F9E0089738C /* Resources */,
				D7C92C64C39B0187B3549BA6 /* [CP] Embed Pods Frameworks */,
			);
			buildRules = (
			);
			dependencies = (
			);
			name = StudyGames;
			productName = StudyGames;
			productReference = A53A393B204F0F9E0089738C /* StudyGames.app */;
			productType = "com.apple.product-type.application";
		};
		A53A3950204F0F9F0089738C /* StudyGamesTests */ = {
			isa = PBXNativeTarget;
			buildConfigurationList = A53A3968204F0F9F0089738C /* Build configuration list for PBXNativeTarget "StudyGamesTests" */;
			buildPhases = (
				A53A394D204F0F9F0089738C /* Sources */,
				A53A394E204F0F9F0089738C /* Frameworks */,
				A53A394F204F0F9F0089738C /* Resources */,
			);
			buildRules = (
			);
			dependencies = (
				A53A3953204F0F9F0089738C /* PBXTargetDependency */,
			);
			name = StudyGamesTests;
			productName = StudyGamesTests;
			productReference = A53A3951204F0F9F0089738C /* StudyGamesTests.xctest */;
			productType = "com.apple.product-type.bundle.unit-test";
		};
		A53A395B204F0F9F0089738C /* StudyGamesUITests */ = {
			isa = PBXNativeTarget;
			buildConfigurationList = A53A396B204F0F9F0089738C /* Build configuration list for PBXNativeTarget "StudyGamesUITests" */;
			buildPhases = (
				A53A3958204F0F9F0089738C /* Sources */,
				A53A3959204F0F9F0089738C /* Frameworks */,
				A53A395A204F0F9F0089738C /* Resources */,
			);
			buildRules = (
			);
			dependencies = (
				A53A395E204F0F9F0089738C /* PBXTargetDependency */,
			);
			name = StudyGamesUITests;
			productName = StudyGamesUITests;
			productReference = A53A395C204F0F9F0089738C /* StudyGamesUITests.xctest */;
			productType = "com.apple.product-type.bundle.ui-testing";
		};
/* End PBXNativeTarget section */

/* Begin PBXProject section */
		A53A3933204F0F9E0089738C /* Project object */ = {
			isa = PBXProject;
			attributes = {
				LastSwiftUpdateCheck = 0800;
				LastUpgradeCheck = 0820;
				ORGANIZATIONNAME = "Andy Acosta";
				TargetAttributes = {
					A53A393A204F0F9E0089738C = {
						CreatedOnToolsVersion = 8.0;
						DevelopmentTeam = TA6EQ6GQYY;
						ProvisioningStyle = Automatic;
					};
					A53A3950204F0F9F0089738C = {
						CreatedOnToolsVersion = 8.0;
						DevelopmentTeam = TA6EQ6GQYY;
						ProvisioningStyle = Automatic;
						TestTargetID = A53A393A204F0F9E0089738C;
					};
					A53A395B204F0F9F0089738C = {
						CreatedOnToolsVersion = 8.0;
						DevelopmentTeam = TA6EQ6GQYY;
						ProvisioningStyle = Automatic;
						TestTargetID = A53A393A204F0F9E0089738C;
					};
				};
			};
			buildConfigurationList = A53A3936204F0F9E0089738C /* Build configuration list for PBXProject "StudyGames" */;
			compatibilityVersion = "Xcode 3.2";
			developmentRegion = English;
			hasScannedForEncodings = 0;
			knownRegions = (
				en,
				Base,
			);
			mainGroup = A53A3932204F0F9E0089738C;
			productRefGroup = A53A393C204F0F9E0089738C /* Products */;
			projectDirPath = "";
			projectRoot = "";
			targets = (
				A53A393A204F0F9E0089738C /* StudyGames */,
				A53A3950204F0F9F0089738C /* StudyGamesTests */,
				A53A395B204F0F9F0089738C /* StudyGamesUITests */,
			);
		};
/* End PBXProject section */

/* Begin PBXResourcesBuildPhase section */
		A53A3939204F0F9E0089738C /* Resources */ = {
			isa = PBXResourcesBuildPhase;
			buildActionMask = 2147483647;
			files = (
				A53A394B204F0F9E0089738C /* LaunchScreen.storyboard in Resources */,
				A5F14BFE20863D8D0031DCDC /* GoogleService-Info.plist in Resources */,
				A53A3948204F0F9E0089738C /* Assets.xcassets in Resources */,
				A53A3946204F0F9E0089738C /* Main.storyboard in Resources */,
			);
			runOnlyForDeploymentPostprocessing = 0;
		};
		A53A394F204F0F9F0089738C /* Resources */ = {
			isa = PBXResourcesBuildPhase;
			buildActionMask = 2147483647;
			files = (
			);
			runOnlyForDeploymentPostprocessing = 0;
		};
		A53A395A204F0F9F0089738C /* Resources */ = {
			isa = PBXResourcesBuildPhase;
			buildActionMask = 2147483647;
			files = (
			);
			runOnlyForDeploymentPostprocessing = 0;
		};
/* End PBXResourcesBuildPhase section */

/* Begin PBXShellScriptBuildPhase section */
		49ADE8C17CCC9BF999717270 /* [CP] Check Pods Manifest.lock */ = {
			isa = PBXShellScriptBuildPhase;
			buildActionMask = 2147483647;
			files = (
			);
			inputPaths = (
				"${PODS_PODFILE_DIR_PATH}/Podfile.lock",
				"${PODS_ROOT}/Manifest.lock",
			);
			name = "[CP] Check Pods Manifest.lock";
			outputPaths = (
				"$(DERIVED_FILE_DIR)/Pods-StudyGames-checkManifestLockResult.txt",
			);
			runOnlyForDeploymentPostprocessing = 0;
			shellPath = /bin/sh;
			shellScript = "diff \"${PODS_PODFILE_DIR_PATH}/Podfile.lock\" \"${PODS_ROOT}/Manifest.lock\" > /dev/null\nif [ $? != 0 ] ; then\n    # print error to STDERR\n    echo \"error: The sandbox is not in sync with the Podfile.lock. Run 'pod install' or update your CocoaPods installation.\" >&2\n    exit 1\nfi\n# This output is used by Xcode 'outputs' to avoid re-running this script phase.\necho \"SUCCESS\" > \"${SCRIPT_OUTPUT_FILE_0}\"\n";
			showEnvVarsInLog = 0;
		};
		D7C92C64C39B0187B3549BA6 /* [CP] Embed Pods Frameworks */ = {
			isa = PBXShellScriptBuildPhase;
			buildActionMask = 2147483647;
			files = (
			);
			inputPaths = (
				"${SRCROOT}/Pods/Target Support Files/Pods-StudyGames/Pods-StudyGames-frameworks.sh",
				"${BUILT_PRODUCTS_DIR}/Alamofire/Alamofire.framework",
			);
			name = "[CP] Embed Pods Frameworks";
			outputPaths = (
				"${TARGET_BUILD_DIR}/${FRAMEWORKS_FOLDER_PATH}/Alamofire.framework",
			);
			runOnlyForDeploymentPostprocessing = 0;
			shellPath = /bin/sh;
			shellScript = "\"${SRCROOT}/Pods/Target Support Files/Pods-StudyGames/Pods-StudyGames-frameworks.sh\"\n";
			showEnvVarsInLog = 0;
		};
/* End PBXShellScriptBuildPhase section */

/* Begin PBXSourcesBuildPhase section */
		A53A3937204F0F9E0089738C /* Sources */ = {
			isa = PBXSourcesBuildPhase;
			buildActionMask = 2147483647;
			files = (
				A5F14C3C20866DD50031DCDC /* ViewController.swift in Sources */,
				A53A393F204F0F9E0089738C /* AppDelegate.swift in Sources */,
			);
			runOnlyForDeploymentPostprocessing = 0;
		};
		A53A394D204F0F9F0089738C /* Sources */ = {
			isa = PBXSourcesBuildPhase;
			buildActionMask = 2147483647;
			files = (
				A53A3956204F0F9F0089738C /* StudyGamesTests.swift in Sources */,
			);
			runOnlyForDeploymentPostprocessing = 0;
		};
		A53A3958204F0F9F0089738C /* Sources */ = {
			isa = PBXSourcesBuildPhase;
			buildActionMask = 2147483647;
			files = (
				A53A3961204F0F9F0089738C /* StudyGamesUITests.swift in Sources */,
			);
			runOnlyForDeploymentPostprocessing = 0;
		};
/* End PBXSourcesBuildPhase section */

/* Begin PBXTargetDependency section */
		A53A3953204F0F9F0089738C /* PBXTargetDependency */ = {
			isa = PBXTargetDependency;
			target = A53A393A204F0F9E0089738C /* StudyGames */;
			targetProxy = A53A3952204F0F9F0089738C /* PBXContainerItemProxy */;
		};
		A53A395E204F0F9F0089738C /* PBXTargetDependency */ = {
			isa = PBXTargetDependency;
			target = A53A393A204F0F9E0089738C /* StudyGames */;
			targetProxy = A53A395D204F0F9F0089738C /* PBXContainerItemProxy */;
		};
/* End PBXTargetDependency section */

/* Begin PBXVariantGroup section */
		A53A3944204F0F9E0089738C /* Main.storyboard */ = {
			isa = PBXVariantGroup;
			children = (
				A53A3945204F0F9E0089738C /* Base */,
			);
			name = Main.storyboard;
			sourceTree = "<group>";
		};
		A53A3949204F0F9E0089738C /* LaunchScreen.storyboard */ = {
			isa = PBXVariantGroup;
			children = (
				A53A394A204F0F9E0089738C /* Base */,
			);
			name = LaunchScreen.storyboard;
			sourceTree = "<group>";
		};
/* End PBXVariantGroup section */

/* Begin XCBuildConfiguration section */
		A53A3963204F0F9F0089738C /* Debug */ = {
			isa = XCBuildConfiguration;
			buildSettings = {
				ALWAYS_SEARCH_USER_PATHS = NO;
				CLANG_ANALYZER_NONNULL = YES;
				CLANG_CXX_LANGUAGE_STANDARD = "gnu++0x";
				CLANG_CXX_LIBRARY = "libc++";
				CLANG_ENABLE_MODULES = YES;
				CLANG_ENABLE_OBJC_ARC = YES;
				CLANG_WARN_BOOL_CONVERSION = YES;
				CLANG_WARN_CONSTANT_CONVERSION = YES;
				CLANG_WARN_DIRECT_OBJC_ISA_USAGE = YES_ERROR;
				CLANG_WARN_DOCUMENTATION_COMMENTS = YES;
				CLANG_WARN_EMPTY_BODY = YES;
				CLANG_WARN_ENUM_CONVERSION = YES;
				CLANG_WARN_INFINITE_RECURSION = YES;
				CLANG_WARN_INT_CONVERSION = YES;
				CLANG_WARN_OBJC_ROOT_CLASS = YES_ERROR;
				CLANG_WARN_SUSPICIOUS_MOVE = YES;
				CLANG_WARN_SUSPICIOUS_MOVES = YES;
				CLANG_WARN_UNREACHABLE_CODE = YES;
				CLANG_WARN__DUPLICATE_METHOD_MATCH = YES;
				"CODE_SIGN_IDENTITY[sdk=iphoneos*]" = "iPhone Developer";
				COPY_PHASE_STRIP = NO;
				DEBUG_INFORMATION_FORMAT = dwarf;
				ENABLE_STRICT_OBJC_MSGSEND = YES;
				ENABLE_TESTABILITY = YES;
				GCC_C_LANGUAGE_STANDARD = gnu99;
				GCC_DYNAMIC_NO_PIC = NO;
				GCC_NO_COMMON_BLOCKS = YES;
				GCC_OPTIMIZATION_LEVEL = 0;
				GCC_PREPROCESSOR_DEFINITIONS = (
					"DEBUG=1",
					"$(inherited)",
				);
				GCC_WARN_64_TO_32_BIT_CONVERSION = YES;
				GCC_WARN_ABOUT_RETURN_TYPE = YES_ERROR;
				GCC_WARN_UNDECLARED_SELECTOR = YES;
				GCC_WARN_UNINITIALIZED_AUTOS = YES_AGGRESSIVE;
				GCC_WARN_UNUSED_FUNCTION = YES;
				GCC_WARN_UNUSED_VARIABLE = YES;
				IPHONEOS_DEPLOYMENT_TARGET = 10.0;
				MTL_ENABLE_DEBUG_INFO = YES;
				ONLY_ACTIVE_ARCH = YES;
				SDKROOT = iphoneos;
				SWIFT_ACTIVE_COMPILATION_CONDITIONS = DEBUG;
				SWIFT_OPTIMIZATION_LEVEL = "-Onone";
				TARGETED_DEVICE_FAMILY = "1,2";
			};
			name = Debug;
		};
		A53A3964204F0F9F0089738C /* Release */ = {
			isa = XCBuildConfiguration;
			buildSettings = {
				ALWAYS_SEARCH_USER_PATHS = NO;
				CLANG_ANALYZER_NONNULL = YES;
				CLANG_CXX_LANGUAGE_STANDARD = "gnu++0x";
				CLANG_CXX_LIBRARY = "libc++";
				CLANG_ENABLE_MODULES = YES;
				CLANG_ENABLE_OBJC_ARC = YES;
				CLANG_WARN_BOOL_CONVERSION = YES;
				CLANG_WARN_CONSTANT_CONVERSION = YES;
				CLANG_WARN_DIRECT_OBJC_ISA_USAGE = YES_ERROR;
				CLANG_WARN_DOCUMENTATION_COMMENTS = YES;
				CLANG_WARN_EMPTY_BODY = YES;
				CLANG_WARN_ENUM_CONVERSION = YES;
				CLANG_WARN_INFINITE_RECURSION = YES;
				CLANG_WARN_INT_CONVERSION = YES;
				CLANG_WARN_OBJC_ROOT_CLASS = YES_ERROR;
				CLANG_WARN_SUSPICIOUS_MOVE = YES;
				CLANG_WARN_SUSPICIOUS_MOVES = YES;
				CLANG_WARN_UNREACHABLE_CODE = YES;
				CLANG_WARN__DUPLICATE_METHOD_MATCH = YES;
				"CODE_SIGN_IDENTITY[sdk=iphoneos*]" = "iPhone Developer";
				COPY_PHASE_STRIP = NO;
				DEBUG_INFORMATION_FORMAT = "dwarf-with-dsym";
				ENABLE_NS_ASSERTIONS = NO;
				ENABLE_STRICT_OBJC_MSGSEND = YES;
				GCC_C_LANGUAGE_STANDARD = gnu99;
				GCC_NO_COMMON_BLOCKS = YES;
				GCC_WARN_64_TO_32_BIT_CONVERSION = YES;
				GCC_WARN_ABOUT_RETURN_TYPE = YES_ERROR;
				GCC_WARN_UNDECLARED_SELECTOR = YES;
				GCC_WARN_UNINITIALIZED_AUTOS = YES_AGGRESSIVE;
				GCC_WARN_UNUSED_FUNCTION = YES;
				GCC_WARN_UNUSED_VARIABLE = YES;
				IPHONEOS_DEPLOYMENT_TARGET = 10.0;
				MTL_ENABLE_DEBUG_INFO = NO;
				SDKROOT = iphoneos;
				SWIFT_OPTIMIZATION_LEVEL = "-Owholemodule";
				TARGETED_DEVICE_FAMILY = "1,2";
				VALIDATE_PRODUCT = YES;
			};
			name = Release;
		};
		A53A3966204F0F9F0089738C /* Debug */ = {
			isa = XCBuildConfiguration;
			baseConfigurationReference = 4F06C2973C38C549093D415A /* Pods-StudyGames.debug.xcconfig */;
			buildSettings = {
				ASSETCATALOG_COMPILER_APPICON_NAME = AppIcon;
				"CODE_SIGN_IDENTITY[sdk=iphoneos*]" = "iPhone Developer";
				DEVELOPMENT_TEAM = TA6EQ6GQYY;
				INFOPLIST_FILE = StudyGames/Info.plist;
				LD_RUNPATH_SEARCH_PATHS = "$(inherited) @executable_path/Frameworks";
				PRODUCT_BUNDLE_IDENTIFIER = com.aa.StudyGames;
				PRODUCT_NAME = "$(TARGET_NAME)";
				SWIFT_VERSION = 3.0;
			};
			name = Debug;
		};
		A53A3967204F0F9F0089738C /* Release */ = {
			isa = XCBuildConfiguration;
			baseConfigurationReference = 7223DBE77E77B73B0DF0AD69 /* Pods-StudyGames.release.xcconfig */;
			buildSettings = {
				ASSETCATALOG_COMPILER_APPICON_NAME = AppIcon;
				"CODE_SIGN_IDENTITY[sdk=iphoneos*]" = "iPhone Developer";
				DEVELOPMENT_TEAM = TA6EQ6GQYY;
				INFOPLIST_FILE = StudyGames/Info.plist;
				LD_RUNPATH_SEARCH_PATHS = "$(inherited) @executable_path/Frameworks";
				PRODUCT_BUNDLE_IDENTIFIER = com.aa.StudyGames;
				PRODUCT_NAME = "$(TARGET_NAME)";
				SWIFT_VERSION = 3.0;
			};
			name = Release;
		};
		A53A3969204F0F9F0089738C /* Debug */ = {
			isa = XCBuildConfiguration;
			buildSettings = {
				ALWAYS_EMBED_SWIFT_STANDARD_LIBRARIES = YES;
				BUNDLE_LOADER = "$(TEST_HOST)";
				"CODE_SIGN_IDENTITY[sdk=iphoneos*]" = "iPhone Developer";
				DEVELOPMENT_TEAM = TA6EQ6GQYY;
				INFOPLIST_FILE = StudyGamesTests/Info.plist;
				LD_RUNPATH_SEARCH_PATHS = "$(inherited) @executable_path/Frameworks @loader_path/Frameworks";
				PRODUCT_BUNDLE_IDENTIFIER = com.aa.StudyGamesTests;
				PRODUCT_NAME = "$(TARGET_NAME)";
				SWIFT_VERSION = 3.0;
				TEST_HOST = "$(BUILT_PRODUCTS_DIR)/StudyGames.app/StudyGames";
			};
			name = Debug;
		};
		A53A396A204F0F9F0089738C /* Release */ = {
			isa = XCBuildConfiguration;
			buildSettings = {
				ALWAYS_EMBED_SWIFT_STANDARD_LIBRARIES = YES;
				BUNDLE_LOADER = "$(TEST_HOST)";
				"CODE_SIGN_IDENTITY[sdk=iphoneos*]" = "iPhone Developer";
				DEVELOPMENT_TEAM = TA6EQ6GQYY;
				INFOPLIST_FILE = StudyGamesTests/Info.plist;
				LD_RUNPATH_SEARCH_PATHS = "$(inherited) @executable_path/Frameworks @loader_path/Frameworks";
				PRODUCT_BUNDLE_IDENTIFIER = com.aa.StudyGamesTests;
				PRODUCT_NAME = "$(TARGET_NAME)";
				SWIFT_VERSION = 3.0;
				TEST_HOST = "$(BUILT_PRODUCTS_DIR)/StudyGames.app/StudyGames";
			};
			name = Release;
		};
		A53A396C204F0F9F0089738C /* Debug */ = {
			isa = XCBuildConfiguration;
			buildSettings = {
				ALWAYS_EMBED_SWIFT_STANDARD_LIBRARIES = YES;
				DEVELOPMENT_TEAM = TA6EQ6GQYY;
				INFOPLIST_FILE = StudyGamesUITests/Info.plist;
				LD_RUNPATH_SEARCH_PATHS = "$(inherited) @executable_path/Frameworks @loader_path/Frameworks";
				PRODUCT_BUNDLE_IDENTIFIER = com.aa.StudyGamesUITests;
				PRODUCT_NAME = "$(TARGET_NAME)";
				SWIFT_VERSION = 3.0;
				TEST_TARGET_NAME = StudyGames;
			};
			name = Debug;
		};
		A53A396D204F0F9F0089738C /* Release */ = {
			isa = XCBuildConfiguration;
			buildSettings = {
				ALWAYS_EMBED_SWIFT_STANDARD_LIBRARIES = YES;
				DEVELOPMENT_TEAM = TA6EQ6GQYY;
				INFOPLIST_FILE = StudyGamesUITests/Info.plist;
				LD_RUNPATH_SEARCH_PATHS = "$(inherited) @executable_path/Frameworks @loader_path/Frameworks";
				PRODUCT_BUNDLE_IDENTIFIER = com.aa.StudyGamesUITests;
				PRODUCT_NAME = "$(TARGET_NAME)";
				SWIFT_VERSION = 3.0;
				TEST_TARGET_NAME = StudyGames;
			};
			name = Release;
		};
/* End XCBuildConfiguration section */

/* Begin XCConfigurationList section */
		A53A3936204F0F9E0089738C /* Build configuration list for PBXProject "StudyGames" */ = {
			isa = XCConfigurationList;
			buildConfigurations = (
				A53A3963204F0F9F0089738C /* Debug */,
				A53A3964204F0F9F0089738C /* Release */,
			);
			defaultConfigurationIsVisible = 0;
			defaultConfigurationName = Release;
		};
		A53A3965204F0F9F0089738C /* Build configuration list for PBXNativeTarget "StudyGames" */ = {
			isa = XCConfigurationList;
			buildConfigurations = (
				A53A3966204F0F9F0089738C /* Debug */,
				A53A3967204F0F9F0089738C /* Release */,
			);
			defaultConfigurationIsVisible = 0;
			defaultConfigurationName = Release;
		};
		A53A3968204F0F9F0089738C /* Build configuration list for PBXNativeTarget "StudyGamesTests" */ = {
			isa = XCConfigurationList;
			buildConfigurations = (
				A53A3969204F0F9F0089738C /* Debug */,
				A53A396A204F0F9F0089738C /* Release */,
			);
			defaultConfigurationIsVisible = 0;
			defaultConfigurationName = Release;
		};
		A53A396B204F0F9F0089738C /* Build configuration list for PBXNativeTarget "StudyGamesUITests" */ = {
			isa = XCConfigurationList;
			buildConfigurations = (
				A53A396C204F0F9F0089738C /* Debug */,
				A53A396D204F0F9F0089738C /* Release */,
			);
			defaultConfigurationIsVisible = 0;
			defaultConfigurationName = Release;
		};
/* End XCConfigurationList section */
	};
	rootObject = A53A3933204F0F9E0089738C /* Project object */;
}
